
Microsoft Visual Studio Solution File, Format Version 12.00
# Visual Studio Version 16
VisualStudioVersion = 16.0.32002.261
MinimumVisualStudioVersion = 10.0.40219.1
Project("{9A19103F-16F7-4668-BE54-9A1E7A4F7556}") = "ExecutiveOperations", "ExecutiveOperations\ExecutiveOperations.csproj", "{BBF4325F-403A-449B-8FE9-6ECD561EDD37}"
EndProject
Project("{9A19103F-16F7-4668-BE54-9A1E7A4F7556}") = "DAL", "DAL\DAL.csproj", "{8AF25913-D124-4DF7-8203-125EBEDAB1DE}"
EndProject
Project("{FAE04EC0-301F-11D3-BF4B-00C04F79EFBC}") = "Entities", "Entities\Entities.csproj", "{429C6BFC-4C46-49DA-802E-B9A643443330}"
EndProject
Global
	GlobalSection(SolutionConfigurationPlatforms) = preSolution
		Debug|Any CPU = Debug|Any CPU
		Release|Any CPU = Release|Any CPU
	EndGlobalSection
	GlobalSection(ProjectConfigurationPlatforms) = postSolution
		{BBF4325F-403A-449B-8FE9-6ECD561EDD37}.Debug|Any CPU.ActiveCfg = Debug|Any CPU
		{BBF4325F-403A-449B-8FE9-6ECD561EDD37}.Debug|Any CPU.Build.0 = Debug|Any CPU
		{BBF4325F-403A-449B-8FE9-6ECD561EDD37}.Release|Any CPU.ActiveCfg = Release|Any CPU
		{BBF4325F-403A-449B-8FE9-6ECD561EDD37}.Release|Any CPU.Build.0 = Release|Any CPU
		{8AF25913-D124-4DF7-8203-125EBEDAB1DE}.Debug|Any CPU.ActiveCfg = Debug|Any CPU
		{8AF25913-D124-4DF7-8203-125EBEDAB1DE}.Debug|Any CPU.Build.0 = Debug|Any CPU
		{8AF25913-D124-4DF7-8203-125EBEDAB1DE}.Release|Any CPU.ActiveCfg = Release|Any CPU
		{8AF25913-D124-4DF7-8203-125EBEDAB1DE}.Release|Any CPU.Build.0 = Release|Any CPU
		{429C6BFC-4C46-49DA-802E-B9A643443330}.Debug|Any CPU.ActiveCfg = Debug|Any CPU
		{429C6BFC-4C46-49DA-802E-B9A643443330}.Debug|Any CPU.Build.0 = Debug|Any CPU
		{429C6BFC-4C46-49DA-802E-B9A643443330}.Release|Any CPU.ActiveCfg = Release|Any CPU
		{429C6BFC-4C46-49DA-802E-B9A643443330}.Release|Any CPU.Build.0 = Release|Any CPU
	EndGlobalSection
	GlobalSection(SolutionProperties) = preSolution
		HideSolutionNode = FALSE
	EndGlobalSection
	GlobalSection(ExtensibilityGlobals) = postSolution
		SolutionGuid = {BC8837DB-4AE3-4538-865B-8EF79B1AC464}
	EndGlobalSection
EndGlobal
